// !$*UTF8*$!
{
	archiveVersion = 1;
	classes = {
	};
	objectVersion = 50;
	objects = {

/* Begin PBXBuildFile section */
		428E624C803D3D1E554ED960 /* Pods_ToDoApp.framework in Frameworks */ = {isa = PBXBuildFile; fileRef = 14F297B3899FCC3DC80006A2 /* Pods_ToDoApp.framework */; };
		561BDBC42259833F00B13052 /* AppDelegate.swift in Sources */ = {isa = PBXBuildFile; fileRef = 561BDBC32259833F00B13052 /* AppDelegate.swift */; };
		561BDBC62259833F00B13052 /* TodoListViewController.swift in Sources */ = {isa = PBXBuildFile; fileRef = 561BDBC52259833F00B13052 /* TodoListViewController.swift */; };
		561BDBC92259833F00B13052 /* TodoListViewController.storyboard in Resources */ = {isa = PBXBuildFile; fileRef = 561BDBC72259833F00B13052 /* TodoListViewController.storyboard */; };
		561BDBCB2259834000B13052 /* Assets.xcassets in Resources */ = {isa = PBXBuildFile; fileRef = 561BDBCA2259834000B13052 /* Assets.xcassets */; };
		561BDBCE2259834000B13052 /* LaunchScreen.storyboard in Resources */ = {isa = PBXBuildFile; fileRef = 561BDBCC2259834000B13052 /* LaunchScreen.storyboard */; };
		561BDBD92259834000B13052 /* ToDoAppTests.swift in Sources */ = {isa = PBXBuildFile; fileRef = 561BDBD82259834000B13052 /* ToDoAppTests.swift */; };
		561BDBE42259834000B13052 /* ToDoAppUITests.swift in Sources */ = {isa = PBXBuildFile; fileRef = 561BDBE32259834000B13052 /* ToDoAppUITests.swift */; };
		561BDC052259865E00B13052 /* Icon-App-76x76@2x.png in Resources */ = {isa = PBXBuildFile; fileRef = 561BDBF42259865E00B13052 /* Icon-App-76x76@2x.png */; };
		561BDC062259865E00B13052 /* Icon-App-29x29@1x.png in Resources */ = {isa = PBXBuildFile; fileRef = 561BDBF52259865E00B13052 /* Icon-App-29x29@1x.png */; };
		561BDC072259865E00B13052 /* Icon-App-40x40@1x.png in Resources */ = {isa = PBXBuildFile; fileRef = 561BDBF62259865E00B13052 /* Icon-App-40x40@1x.png */; };
		561BDC082259865E00B13052 /* Icon-App-20x20@1x.png in Resources */ = {isa = PBXBuildFile; fileRef = 561BDBF72259865E00B13052 /* Icon-App-20x20@1x.png */; };
		561BDC092259865E00B13052 /* Icon-App-83.5x83.5@2x.png in Resources */ = {isa = PBXBuildFile; fileRef = 561BDBF82259865E00B13052 /* Icon-App-83.5x83.5@2x.png */; };
		561BDC0A2259865E00B13052 /* Icon-App-20x20@3x.png in Resources */ = {isa = PBXBuildFile; fileRef = 561BDBF92259865E00B13052 /* Icon-App-20x20@3x.png */; };
		561BDC0B2259865E00B13052 /* ItunesArtwork@2x.png in Resources */ = {isa = PBXBuildFile; fileRef = 561BDBFA2259865E00B13052 /* ItunesArtwork@2x.png */; };
		561BDC0C2259865E00B13052 /* Icon-App-20x20@2x.png in Resources */ = {isa = PBXBuildFile; fileRef = 561BDBFB2259865E00B13052 /* Icon-App-20x20@2x.png */; };
		561BDC0D2259865E00B13052 /* Icon-App-29x29@3x.png in Resources */ = {isa = PBXBuildFile; fileRef = 561BDBFC2259865E00B13052 /* Icon-App-29x29@3x.png */; };
		561BDC0E2259865E00B13052 /* Icon-App-40x40@2x.png in Resources */ = {isa = PBXBuildFile; fileRef = 561BDBFD2259865E00B13052 /* Icon-App-40x40@2x.png */; };
		561BDC0F2259865E00B13052 /* Icon-App-60x60@3x.png in Resources */ = {isa = PBXBuildFile; fileRef = 561BDBFE2259865E00B13052 /* Icon-App-60x60@3x.png */; };
		561BDC102259865E00B13052 /* Icon-App-60x60@2x.png in Resources */ = {isa = PBXBuildFile; fileRef = 561BDBFF2259865E00B13052 /* Icon-App-60x60@2x.png */; };
		561BDC112259865E00B13052 /* Icon-App-76x76@1x.png in Resources */ = {isa = PBXBuildFile; fileRef = 561BDC002259865E00B13052 /* Icon-App-76x76@1x.png */; };
		561BDC122259865E00B13052 /* Icon-App-40x40@3x.png in Resources */ = {isa = PBXBuildFile; fileRef = 561BDC012259865E00B13052 /* Icon-App-40x40@3x.png */; };
		561BDC132259865E00B13052 /* Icon-App-29x29@2x.png in Resources */ = {isa = PBXBuildFile; fileRef = 561BDC022259865E00B13052 /* Icon-App-29x29@2x.png */; };
		561BDC1522598DA400B13052 /* README.md in Resources */ = {isa = PBXBuildFile; fileRef = 561BDC1422598DA400B13052 /* README.md */; };
		6C22A0F4E36FA8D7383ECFBD /* Pods_ToDoAppTests.framework in Frameworks */ = {isa = PBXBuildFile; fileRef = 8C9280E30236B7FA55EB31B9 /* Pods_ToDoAppTests.framework */; };
		86BA6C13F958C0DB00E78FEC /* Pods_ToDoAppUITests.framework in Frameworks */ = {isa = PBXBuildFile; fileRef = AC32D6BB136436119F12FA67 /* Pods_ToDoAppUITests.framework */; };
/* End PBXBuildFile section */

/* Begin PBXContainerItemProxy section */
		561BDBD52259834000B13052 /* PBXContainerItemProxy */ = {
			isa = PBXContainerItemProxy;
			containerPortal = 561BDBB82259833F00B13052 /* Project object */;
			proxyType = 1;
			remoteGlobalIDString = 561BDBBF2259833F00B13052;
			remoteInfo = ToDoApp;
		};
		561BDBE02259834000B13052 /* PBXContainerItemProxy */ = {
			isa = PBXContainerItemProxy;
			containerPortal = 561BDBB82259833F00B13052 /* Project object */;
			proxyType = 1;
			remoteGlobalIDString = 561BDBBF2259833F00B13052;
			remoteInfo = ToDoApp;
		};
/* End PBXContainerItemProxy section */

/* Begin PBXFileReference section */
		0763F6679473FEB2F9A22AE6 /* Pods-ToDoAppUITests.release.xcconfig */ = {isa = PBXFileReference; includeInIndex = 1; lastKnownFileType = text.xcconfig; name = "Pods-ToDoAppUITests.release.xcconfig"; path = "Target Support Files/Pods-ToDoAppUITests/Pods-ToDoAppUITests.release.xcconfig"; sourceTree = "<group>"; };
		14F297B3899FCC3DC80006A2 /* Pods_ToDoApp.framework */ = {isa = PBXFileReference; explicitFileType = wrapper.framework; includeInIndex = 0; path = Pods_ToDoApp.framework; sourceTree = BUILT_PRODUCTS_DIR; };
		3DA60DD060513CE7898EAFA4 /* Pods-ToDoAppTests.debug.xcconfig */ = {isa = PBXFileReference; includeInIndex = 1; lastKnownFileType = text.xcconfig; name = "Pods-ToDoAppTests.debug.xcconfig"; path = "Target Support Files/Pods-ToDoAppTests/Pods-ToDoAppTests.debug.xcconfig"; sourceTree = "<group>"; };
		54AB1146BC5AAE470C41A477 /* Pods-ToDoAppTests.release.xcconfig */ = {isa = PBXFileReference; includeInIndex = 1; lastKnownFileType = text.xcconfig; name = "Pods-ToDoAppTests.release.xcconfig"; path = "Target Support Files/Pods-ToDoAppTests/Pods-ToDoAppTests.release.xcconfig"; sourceTree = "<group>"; };
		561BDBC02259833F00B13052 /* ToDoApp.app */ = {isa = PBXFileReference; explicitFileType = wrapper.application; includeInIndex = 0; path = ToDoApp.app; sourceTree = BUILT_PRODUCTS_DIR; };
		561BDBC32259833F00B13052 /* AppDelegate.swift */ = {isa = PBXFileReference; lastKnownFileType = sourcecode.swift; path = AppDelegate.swift; sourceTree = "<group>"; };
		561BDBC52259833F00B13052 /* TodoListViewController.swift */ = {isa = PBXFileReference; lastKnownFileType = sourcecode.swift; path = TodoListViewController.swift; sourceTree = "<group>"; };
		561BDBC82259833F00B13052 /* Base */ = {isa = PBXFileReference; lastKnownFileType = file.storyboard; name = Base; path = Base.lproj/TodoListViewController.storyboard; sourceTree = "<group>"; };
		561BDBCA2259834000B13052 /* Assets.xcassets */ = {isa = PBXFileReference; lastKnownFileType = folder.assetcatalog; path = Assets.xcassets; sourceTree = "<group>"; };
		561BDBCD2259834000B13052 /* Base */ = {isa = PBXFileReference; lastKnownFileType = file.storyboard; name = Base; path = Base.lproj/LaunchScreen.storyboard; sourceTree = "<group>"; };
		561BDBCF2259834000B13052 /* Info.plist */ = {isa = PBXFileReference; lastKnownFileType = text.plist.xml; path = Info.plist; sourceTree = "<group>"; };
		561BDBD42259834000B13052 /* ToDoAppTests.xctest */ = {isa = PBXFileReference; explicitFileType = wrapper.cfbundle; includeInIndex = 0; path = ToDoAppTests.xctest; sourceTree = BUILT_PRODUCTS_DIR; };
		561BDBD82259834000B13052 /* ToDoAppTests.swift */ = {isa = PBXFileReference; lastKnownFileType = sourcecode.swift; path = ToDoAppTests.swift; sourceTree = "<group>"; };
		561BDBDA2259834000B13052 /* Info.plist */ = {isa = PBXFileReference; lastKnownFileType = text.plist.xml; path = Info.plist; sourceTree = "<group>"; };
		561BDBDF2259834000B13052 /* ToDoAppUITests.xctest */ = {isa = PBXFileReference; explicitFileType = wrapper.cfbundle; includeInIndex = 0; path = ToDoAppUITests.xctest; sourceTree = BUILT_PRODUCTS_DIR; };
		561BDBE32259834000B13052 /* ToDoAppUITests.swift */ = {isa = PBXFileReference; lastKnownFileType = sourcecode.swift; path = ToDoAppUITests.swift; sourceTree = "<group>"; };
		561BDBE52259834000B13052 /* Info.plist */ = {isa = PBXFileReference; lastKnownFileType = text.plist.xml; path = Info.plist; sourceTree = "<group>"; };
		561BDBF42259865E00B13052 /* Icon-App-76x76@2x.png */ = {isa = PBXFileReference; lastKnownFileType = image.png; path = "Icon-App-76x76@2x.png"; sourceTree = "<group>"; };
		561BDBF52259865E00B13052 /* Icon-App-29x29@1x.png */ = {isa = PBXFileReference; lastKnownFileType = image.png; path = "Icon-App-29x29@1x.png"; sourceTree = "<group>"; };
		561BDBF62259865E00B13052 /* Icon-App-40x40@1x.png */ = {isa = PBXFileReference; lastKnownFileType = image.png; path = "Icon-App-40x40@1x.png"; sourceTree = "<group>"; };
		561BDBF72259865E00B13052 /* Icon-App-20x20@1x.png */ = {isa = PBXFileReference; lastKnownFileType = image.png; path = "Icon-App-20x20@1x.png"; sourceTree = "<group>"; };
		561BDBF82259865E00B13052 /* Icon-App-83.5x83.5@2x.png */ = {isa = PBXFileReference; lastKnownFileType = image.png; path = "Icon-App-83.5x83.5@2x.png"; sourceTree = "<group>"; };
		561BDBF92259865E00B13052 /* Icon-App-20x20@3x.png */ = {isa = PBXFileReference; lastKnownFileType = image.png; path = "Icon-App-20x20@3x.png"; sourceTree = "<group>"; };
		561BDBFA2259865E00B13052 /* ItunesArtwork@2x.png */ = {isa = PBXFileReference; lastKnownFileType = image.png; path = "ItunesArtwork@2x.png"; sourceTree = "<group>"; };
		561BDBFB2259865E00B13052 /* Icon-App-20x20@2x.png */ = {isa = PBXFileReference; lastKnownFileType = image.png; path = "Icon-App-20x20@2x.png"; sourceTree = "<group>"; };
		561BDBFC2259865E00B13052 /* Icon-App-29x29@3x.png */ = {isa = PBXFileReference; lastKnownFileType = image.png; path = "Icon-App-29x29@3x.png"; sourceTree = "<group>"; };
		561BDBFD2259865E00B13052 /* Icon-App-40x40@2x.png */ = {isa = PBXFileReference; lastKnownFileType = image.png; path = "Icon-App-40x40@2x.png"; sourceTree = "<group>"; };
		561BDBFE2259865E00B13052 /* Icon-App-60x60@3x.png */ = {isa = PBXFileReference; lastKnownFileType = image.png; path = "Icon-App-60x60@3x.png"; sourceTree = "<group>"; };
		561BDBFF2259865E00B13052 /* Icon-App-60x60@2x.png */ = {isa = PBXFileReference; lastKnownFileType = image.png; path = "Icon-App-60x60@2x.png"; sourceTree = "<group>"; };
		561BDC002259865E00B13052 /* Icon-App-76x76@1x.png */ = {isa = PBXFileReference; lastKnownFileType = image.png; path = "Icon-App-76x76@1x.png"; sourceTree = "<group>"; };
		561BDC012259865E00B13052 /* Icon-App-40x40@3x.png */ = {isa = PBXFileReference; lastKnownFileType = image.png; path = "Icon-App-40x40@3x.png"; sourceTree = "<group>"; };
		561BDC022259865E00B13052 /* Icon-App-29x29@2x.png */ = {isa = PBXFileReference; lastKnownFileType = image.png; path = "Icon-App-29x29@2x.png"; sourceTree = "<group>"; };
		561BDC1422598DA400B13052 /* README.md */ = {isa = PBXFileReference; fileEncoding = 4; lastKnownFileType = net.daringfireball.markdown; path = README.md; sourceTree = "<group>"; };
		6B9CF7998A4EC3907ED466CF /* Pods-ToDoApp.debug.xcconfig */ = {isa = PBXFileReference; includeInIndex = 1; lastKnownFileType = text.xcconfig; name = "Pods-ToDoApp.debug.xcconfig"; path = "Target Support Files/Pods-ToDoApp/Pods-ToDoApp.debug.xcconfig"; sourceTree = "<group>"; };
		8625E698BB34A90B5C229A7A /* Pods-ToDoAppUITests.debug.xcconfig */ = {isa = PBXFileReference; includeInIndex = 1; lastKnownFileType = text.xcconfig; name = "Pods-ToDoAppUITests.debug.xcconfig"; path = "Target Support Files/Pods-ToDoAppUITests/Pods-ToDoAppUITests.debug.xcconfig"; sourceTree = "<group>"; };
		8C9280E30236B7FA55EB31B9 /* Pods_ToDoAppTests.framework */ = {isa = PBXFileReference; explicitFileType = wrapper.framework; includeInIndex = 0; path = Pods_ToDoAppTests.framework; sourceTree = BUILT_PRODUCTS_DIR; };
		AC32D6BB136436119F12FA67 /* Pods_ToDoAppUITests.framework */ = {isa = PBXFileReference; explicitFileType = wrapper.framework; includeInIndex = 0; path = Pods_ToDoAppUITests.framework; sourceTree = BUILT_PRODUCTS_DIR; };
		AC5D20D64B24EF319CA8CF4F /* Pods-ToDoApp.release.xcconfig */ = {isa = PBXFileReference; includeInIndex = 1; lastKnownFileType = text.xcconfig; name = "Pods-ToDoApp.release.xcconfig"; path = "Target Support Files/Pods-ToDoApp/Pods-ToDoApp.release.xcconfig"; sourceTree = "<group>"; };
/* End PBXFileReference section */

/* Begin PBXFrameworksBuildPhase section */
		561BDBBD2259833F00B13052 /* Frameworks */ = {
			isa = PBXFrameworksBuildPhase;
			buildActionMask = 2147483647;
			files = (
				428E624C803D3D1E554ED960 /* Pods_ToDoApp.framework in Frameworks */,
			);
			runOnlyForDeploymentPostprocessing = 0;
		};
		561BDBD12259834000B13052 /* Frameworks */ = {
			isa = PBXFrameworksBuildPhase;
			buildActionMask = 2147483647;
			files = (
				6C22A0F4E36FA8D7383ECFBD /* Pods_ToDoAppTests.framework in Frameworks */,
			);
			runOnlyForDeploymentPostprocessing = 0;
		};
		561BDBDC2259834000B13052 /* Frameworks */ = {
			isa = PBXFrameworksBuildPhase;
			buildActionMask = 2147483647;
			files = (
				86BA6C13F958C0DB00E78FEC /* Pods_ToDoAppUITests.framework in Frameworks */,
			);
			runOnlyForDeploymentPostprocessing = 0;
		};
/* End PBXFrameworksBuildPhase section */

/* Begin PBXGroup section */
		4FFDE8F7DDFC6668A4F3D628 /* Frameworks */ = {
			isa = PBXGroup;
			children = (
				14F297B3899FCC3DC80006A2 /* Pods_ToDoApp.framework */,
				8C9280E30236B7FA55EB31B9 /* Pods_ToDoAppTests.framework */,
				AC32D6BB136436119F12FA67 /* Pods_ToDoAppUITests.framework */,
			);
			name = Frameworks;
			sourceTree = "<group>";
		};
		561BDBB72259833F00B13052 = {
			isa = PBXGroup;
			children = (
				561BDC1422598DA400B13052 /* README.md */,
				561BDBC22259833F00B13052 /* ToDoApp */,
				561BDBD72259834000B13052 /* ToDoAppTests */,
				561BDBE22259834000B13052 /* ToDoAppUITests */,
				561BDBC12259833F00B13052 /* Products */,
				B0BC170891271A5E394233CA /* Pods */,
				4FFDE8F7DDFC6668A4F3D628 /* Frameworks */,
			);
			sourceTree = "<group>";
		};
		561BDBC12259833F00B13052 /* Products */ = {
			isa = PBXGroup;
			children = (
				561BDBC02259833F00B13052 /* ToDoApp.app */,
				561BDBD42259834000B13052 /* ToDoAppTests.xctest */,
				561BDBDF2259834000B13052 /* ToDoAppUITests.xctest */,
			);
			name = Products;
			sourceTree = "<group>";
		};
		561BDBC22259833F00B13052 /* ToDoApp */ = {
			isa = PBXGroup;
			children = (
				561BDBC32259833F00B13052 /* AppDelegate.swift */,
				561BDC042259865E00B13052 /* Controller */,
				561BDBF12259865E00B13052 /* Model */,
				561BDBF22259865E00B13052 /* Resources */,
				561BDC032259865E00B13052 /* View */,
				561BDBCA2259834000B13052 /* Assets.xcassets */,
				561BDBCF2259834000B13052 /* Info.plist */,
			);
			path = ToDoApp;
			sourceTree = "<group>";
		};
		561BDBD72259834000B13052 /* ToDoAppTests */ = {
			isa = PBXGroup;
			children = (
				561BDBD82259834000B13052 /* ToDoAppTests.swift */,
				561BDBDA2259834000B13052 /* Info.plist */,
			);
			path = ToDoAppTests;
			sourceTree = "<group>";
		};
		561BDBE22259834000B13052 /* ToDoAppUITests */ = {
			isa = PBXGroup;
			children = (
				561BDBE32259834000B13052 /* ToDoAppUITests.swift */,
				561BDBE52259834000B13052 /* Info.plist */,
			);
			path = ToDoAppUITests;
			sourceTree = "<group>";
		};
		561BDBF12259865E00B13052 /* Model */ = {
			isa = PBXGroup;
			children = (
			);
			path = Model;
			sourceTree = "<group>";
		};
		561BDBF22259865E00B13052 /* Resources */ = {
			isa = PBXGroup;
			children = (
				561BDBF32259865E00B13052 /* icon */,
			);
			path = Resources;
			sourceTree = "<group>";
		};
		561BDBF32259865E00B13052 /* icon */ = {
			isa = PBXGroup;
			children = (
				561BDBF42259865E00B13052 /* Icon-App-76x76@2x.png */,
				561BDBF52259865E00B13052 /* Icon-App-29x29@1x.png */,
				561BDBF62259865E00B13052 /* Icon-App-40x40@1x.png */,
				561BDBF72259865E00B13052 /* Icon-App-20x20@1x.png */,
				561BDBF82259865E00B13052 /* Icon-App-83.5x83.5@2x.png */,
				561BDBF92259865E00B13052 /* Icon-App-20x20@3x.png */,
				561BDBFA2259865E00B13052 /* ItunesArtwork@2x.png */,
				561BDBFB2259865E00B13052 /* Icon-App-20x20@2x.png */,
				561BDBFC2259865E00B13052 /* Icon-App-29x29@3x.png */,
				561BDBFD2259865E00B13052 /* Icon-App-40x40@2x.png */,
				561BDBFE2259865E00B13052 /* Icon-App-60x60@3x.png */,
				561BDBFF2259865E00B13052 /* Icon-App-60x60@2x.png */,
				561BDC002259865E00B13052 /* Icon-App-76x76@1x.png */,
				561BDC012259865E00B13052 /* Icon-App-40x40@3x.png */,
				561BDC022259865E00B13052 /* Icon-App-29x29@2x.png */,
			);
			path = icon;
			sourceTree = "<group>";
		};
		561BDC032259865E00B13052 /* View */ = {
			isa = PBXGroup;
			children = (
				561BDBC72259833F00B13052 /* TodoListViewController.storyboard */,
				561BDBCC2259834000B13052 /* LaunchScreen.storyboard */,
			);
			path = View;
			sourceTree = "<group>";
		};
		561BDC042259865E00B13052 /* Controller */ = {
			isa = PBXGroup;
			children = (
				561BDBC52259833F00B13052 /* TodoListViewController.swift */,
			);
			path = Controller;
			sourceTree = "<group>";
		};
		B0BC170891271A5E394233CA /* Pods */ = {
			isa = PBXGroup;
			children = (
				6B9CF7998A4EC3907ED466CF /* Pods-ToDoApp.debug.xcconfig */,
				AC5D20D64B24EF319CA8CF4F /* Pods-ToDoApp.release.xcconfig */,
				3DA60DD060513CE7898EAFA4 /* Pods-ToDoAppTests.debug.xcconfig */,
				54AB1146BC5AAE470C41A477 /* Pods-ToDoAppTests.release.xcconfig */,
				8625E698BB34A90B5C229A7A /* Pods-ToDoAppUITests.debug.xcconfig */,
				0763F6679473FEB2F9A22AE6 /* Pods-ToDoAppUITests.release.xcconfig */,
			);
			name = Pods;
			path = Pods;
			sourceTree = "<group>";
		};
/* End PBXGroup section */

/* Begin PBXNativeTarget section */
		561BDBBF2259833F00B13052 /* ToDoApp */ = {
			isa = PBXNativeTarget;
			buildConfigurationList = 561BDBE82259834000B13052 /* Build configuration list for PBXNativeTarget "ToDoApp" */;
			buildPhases = (
				75D1AEE218AED213AEA2BE9F /* [CP] Check Pods Manifest.lock */,
				561BDBBC2259833F00B13052 /* Sources */,
				561BDBBD2259833F00B13052 /* Frameworks */,
				561BDBBE2259833F00B13052 /* Resources */,
				B7005E4833D65A0839899096 /* [CP] Embed Pods Frameworks */,
			);
			buildRules = (
			);
			dependencies = (
			);
			name = ToDoApp;
			productName = ToDoApp;
			productReference = 561BDBC02259833F00B13052 /* ToDoApp.app */;
			productType = "com.apple.product-type.application";
		};
		561BDBD32259834000B13052 /* ToDoAppTests */ = {
			isa = PBXNativeTarget;
			buildConfigurationList = 561BDBEB2259834000B13052 /* Build configuration list for PBXNativeTarget "ToDoAppTests" */;
			buildPhases = (
				D7EE17AA7F2AFFB8CFCE2D7A /* [CP] Check Pods Manifest.lock */,
				561BDBD02259834000B13052 /* Sources */,
				561BDBD12259834000B13052 /* Frameworks */,
				561BDBD22259834000B13052 /* Resources */,
			);
			buildRules = (
			);
			dependencies = (
				561BDBD62259834000B13052 /* PBXTargetDependency */,
			);
			name = ToDoAppTests;
			productName = ToDoAppTests;
			productReference = 561BDBD42259834000B13052 /* ToDoAppTests.xctest */;
			productType = "com.apple.product-type.bundle.unit-test";
		};
		561BDBDE2259834000B13052 /* ToDoAppUITests */ = {
			isa = PBXNativeTarget;
			buildConfigurationList = 561BDBEE2259834000B13052 /* Build configuration list for PBXNativeTarget "ToDoAppUITests" */;
			buildPhases = (
				4F4BA1551BF8B02850478FA6 /* [CP] Check Pods Manifest.lock */,
				561BDBDB2259834000B13052 /* Sources */,
				561BDBDC2259834000B13052 /* Frameworks */,
				561BDBDD2259834000B13052 /* Resources */,
			);
			buildRules = (
			);
			dependencies = (
				561BDBE12259834000B13052 /* PBXTargetDependency */,
			);
			name = ToDoAppUITests;
			productName = ToDoAppUITests;
			productReference = 561BDBDF2259834000B13052 /* ToDoAppUITests.xctest */;
			productType = "com.apple.product-type.bundle.ui-testing";
		};
/* End PBXNativeTarget section */

/* Begin PBXProject section */
		561BDBB82259833F00B13052 /* Project object */ = {
			isa = PBXProject;
			attributes = {
				LastSwiftUpdateCheck = 1020;
				LastUpgradeCheck = 1020;
				ORGANIZATIONNAME = Ikki;
				TargetAttributes = {
					561BDBBF2259833F00B13052 = {
						CreatedOnToolsVersion = 10.2;
					};
					561BDBD32259834000B13052 = {
						CreatedOnToolsVersion = 10.2;
						TestTargetID = 561BDBBF2259833F00B13052;
					};
					561BDBDE2259834000B13052 = {
						CreatedOnToolsVersion = 10.2;
						TestTargetID = 561BDBBF2259833F00B13052;
					};
				};
			};
			buildConfigurationList = 561BDBBB2259833F00B13052 /* Build configuration list for PBXProject "ToDoApp" */;
			compatibilityVersion = "Xcode 9.3";
			developmentRegion = en;
			hasScannedForEncodings = 0;
			knownRegions = (
				en,
				Base,
			);
			mainGroup = 561BDBB72259833F00B13052;
			productRefGroup = 561BDBC12259833F00B13052 /* Products */;
			projectDirPath = "";
			projectRoot = "";
			targets = (
				561BDBBF2259833F00B13052 /* ToDoApp */,
				561BDBD32259834000B13052 /* ToDoAppTests */,
				561BDBDE2259834000B13052 /* ToDoAppUITests */,
			);
		};
/* End PBXProject section */

/* Begin PBXResourcesBuildPhase section */
		561BDBBE2259833F00B13052 /* Resources */ = {
			isa = PBXResourcesBuildPhase;
			buildActionMask = 2147483647;
			files = (
				561BDC082259865E00B13052 /* Icon-App-20x20@1x.png in Resources */,
				561BDC062259865E00B13052 /* Icon-App-29x29@1x.png in Resources */,
				561BDC052259865E00B13052 /* Icon-App-76x76@2x.png in Resources */,
				561BDBCE2259834000B13052 /* LaunchScreen.storyboard in Resources */,
				561BDC072259865E00B13052 /* Icon-App-40x40@1x.png in Resources */,
				561BDC0D2259865E00B13052 /* Icon-App-29x29@3x.png in Resources */,
				561BDC102259865E00B13052 /* Icon-App-60x60@2x.png in Resources */,
				561BDC112259865E00B13052 /* Icon-App-76x76@1x.png in Resources */,
				561BDC132259865E00B13052 /* Icon-App-29x29@2x.png in Resources */,
				561BDC0A2259865E00B13052 /* Icon-App-20x20@3x.png in Resources */,
				561BDBCB2259834000B13052 /* Assets.xcassets in Resources */,
				561BDC092259865E00B13052 /* Icon-App-83.5x83.5@2x.png in Resources */,
				561BDC0C2259865E00B13052 /* Icon-App-20x20@2x.png in Resources */,
				561BDC1522598DA400B13052 /* README.md in Resources */,
				561BDBC92259833F00B13052 /* TodoListViewController.storyboard in Resources */,
				561BDC122259865E00B13052 /* Icon-App-40x40@3x.png in Resources */,
				561BDC0F2259865E00B13052 /* Icon-App-60x60@3x.png in Resources */,
				561BDC0E2259865E00B13052 /* Icon-App-40x40@2x.png in Resources */,
				561BDC0B2259865E00B13052 /* ItunesArtwork@2x.png in Resources */,
			);
			runOnlyForDeploymentPostprocessing = 0;
		};
		561BDBD22259834000B13052 /* Resources */ = {
			isa = PBXResourcesBuildPhase;
			buildActionMask = 2147483647;
			files = (
			);
			runOnlyForDeploymentPostprocessing = 0;
		};
		561BDBDD2259834000B13052 /* Resources */ = {
			isa = PBXResourcesBuildPhase;
			buildActionMask = 2147483647;
			files = (
			);
			runOnlyForDeploymentPostprocessing = 0;
		};
/* End PBXResourcesBuildPhase section */

/* Begin PBXShellScriptBuildPhase section */
		4F4BA1551BF8B02850478FA6 /* [CP] Check Pods Manifest.lock */ = {
			isa = PBXShellScriptBuildPhase;
			buildActionMask = 2147483647;
			files = (
			);
			inputFileListPaths = (
			);
			inputPaths = (
				"${PODS_PODFILE_DIR_PATH}/Podfile.lock",
				"${PODS_ROOT}/Manifest.lock",
			);
			name = "[CP] Check Pods Manifest.lock";
			outputFileListPaths = (
			);
			outputPaths = (
				"$(DERIVED_FILE_DIR)/Pods-ToDoAppUITests-checkManifestLockResult.txt",
			);
			runOnlyForDeploymentPostprocessing = 0;
			shellPath = /bin/sh;
			shellScript = "diff \"${PODS_PODFILE_DIR_PATH}/Podfile.lock\" \"${PODS_ROOT}/Manifest.lock\" > /dev/null\nif [ $? != 0 ] ; then\n    # print error to STDERR\n    echo \"error: The sandbox is not in sync with the Podfile.lock. Run 'pod install' or update your CocoaPods installation.\" >&2\n    exit 1\nfi\n# This output is used by Xcode 'outputs' to avoid re-running this script phase.\necho \"SUCCESS\" > \"${SCRIPT_OUTPUT_FILE_0}\"\n";
			showEnvVarsInLog = 0;
		};
		75D1AEE218AED213AEA2BE9F /* [CP] Check Pods Manifest.lock */ = {
			isa = PBXShellScriptBuildPhase;
			buildActionMask = 2147483647;
			files = (
			);
			inputFileListPaths = (
			);
			inputPaths = (
				"${PODS_PODFILE_DIR_PATH}/Podfile.lock",
				"${PODS_ROOT}/Manifest.lock",
			);
			name = "[CP] Check Pods Manifest.lock";
			outputFileListPaths = (
			);
			outputPaths = (
				"$(DERIVED_FILE_DIR)/Pods-ToDoApp-checkManifestLockResult.txt",
			);
			runOnlyForDeploymentPostprocessing = 0;
			shellPath = /bin/sh;
			shellScript = "diff \"${PODS_PODFILE_DIR_PATH}/Podfile.lock\" \"${PODS_ROOT}/Manifest.lock\" > /dev/null\nif [ $? != 0 ] ; then\n    # print error to STDERR\n    echo \"error: The sandbox is not in sync with the Podfile.lock. Run 'pod install' or update your CocoaPods installation.\" >&2\n    exit 1\nfi\n# This output is used by Xcode 'outputs' to avoid re-running this script phase.\necho \"SUCCESS\" > \"${SCRIPT_OUTPUT_FILE_0}\"\n";
			showEnvVarsInLog = 0;
		};
		B7005E4833D65A0839899096 /* [CP] Embed Pods Frameworks */ = {
			isa = PBXShellScriptBuildPhase;
			buildActionMask = 2147483647;
			files = (
			);
			inputFileListPaths = (
			);
			inputPaths = (
				"${PODS_ROOT}/Target Support Files/Pods-ToDoApp/Pods-ToDoApp-frameworks.sh",
				"${BUILT_PRODUCTS_DIR}/Realm/Realm.framework",
				"${BUILT_PRODUCTS_DIR}/RealmSwift/RealmSwift.framework",
			);
			name = "[CP] Embed Pods Frameworks";
			outputFileListPaths = (
			);
			outputPaths = (
				"${TARGET_BUILD_DIR}/${FRAMEWORKS_FOLDER_PATH}/Realm.framework",
				"${TARGET_BUILD_DIR}/${FRAMEWORKS_FOLDER_PATH}/RealmSwift.framework",
			);
			runOnlyForDeploymentPostprocessing = 0;
			shellPath = /bin/sh;
			shellScript = "\"${PODS_ROOT}/Target Support Files/Pods-ToDoApp/Pods-ToDoApp-frameworks.sh\"\n";
			showEnvVarsInLog = 0;
		};
		D7EE17AA7F2AFFB8CFCE2D7A /* [CP] Check Pods Manifest.lock */ = {
			isa = PBXShellScriptBuildPhase;
			buildActionMask = 2147483647;
			files = (
			);
			inputFileListPaths = (
			);
			inputPaths = (
				"${PODS_PODFILE_DIR_PATH}/Podfile.lock",
				"${PODS_ROOT}/Manifest.lock",
			);
			name = "[CP] Check Pods Manifest.lock";
			outputFileListPaths = (
			);
			outputPaths = (
				"$(DERIVED_FILE_DIR)/Pods-ToDoAppTests-checkManifestLockResult.txt",
			);
			runOnlyForDeploymentPostprocessing = 0;
			shellPath = /bin/sh;
			shellScript = "diff \"${PODS_PODFILE_DIR_PATH}/Podfile.lock\" \"${PODS_ROOT}/Manifest.lock\" > /dev/null\nif [ $? != 0 ] ; then\n    # print error to STDERR\n    echo \"error: The sandbox is not in sync with the Podfile.lock. Run 'pod install' or update your CocoaPods installation.\" >&2\n    exit 1\nfi\n# This output is used by Xcode 'outputs' to avoid re-running this script phase.\necho \"SUCCESS\" > \"${SCRIPT_OUTPUT_FILE_0}\"\n";
			showEnvVarsInLog = 0;
		};
/* End PBXShellScriptBuildPhase section */

/* Begin PBXSourcesBuildPhase section */
		561BDBBC2259833F00B13052 /* Sources */ = {
			isa = PBXSourcesBuildPhase;
			buildActionMask = 2147483647;
			files = (
				561BDBC62259833F00B13052 /* TodoListViewController.swift in Sources */,
				561BDBC42259833F00B13052 /* AppDelegate.swift in Sources */,
			);
			runOnlyForDeploymentPostprocessing = 0;
		};
		561BDBD02259834000B13052 /* Sources */ = {
			isa = PBXSourcesBuildPhase;
			buildActionMask = 2147483647;
			files = (
				561BDBD92259834000B13052 /* ToDoAppTests.swift in Sources */,
			);
			runOnlyForDeploymentPostprocessing = 0;
		};
		561BDBDB2259834000B13052 /* Sources */ = {
			isa = PBXSourcesBuildPhase;
			buildActionMask = 2147483647;
			files = (
				561BDBE42259834000B13052 /* ToDoAppUITests.swift in Sources */,
			);
			runOnlyForDeploymentPostprocessing = 0;
		};
/* End PBXSourcesBuildPhase section */

/* Begin PBXTargetDependency section */
		561BDBD62259834000B13052 /* PBXTargetDependency */ = {
			isa = PBXTargetDependency;
			target = 561BDBBF2259833F00B13052 /* ToDoApp */;
			targetProxy = 561BDBD52259834000B13052 /* PBXContainerItemProxy */;
		};
		561BDBE12259834000B13052 /* PBXTargetDependency */ = {
			isa = PBXTargetDependency;
			target = 561BDBBF2259833F00B13052 /* ToDoApp */;
			targetProxy = 561BDBE02259834000B13052 /* PBXContainerItemProxy */;
		};
/* End PBXTargetDependency section */

/* Begin PBXVariantGroup section */
		561BDBC72259833F00B13052 /* TodoListViewController.storyboard */ = {
			isa = PBXVariantGroup;
			children = (
				561BDBC82259833F00B13052 /* Base */,
			);
			name = TodoListViewController.storyboard;
			sourceTree = "<group>";
		};
		561BDBCC2259834000B13052 /* LaunchScreen.storyboard */ = {
			isa = PBXVariantGroup;
			children = (
				561BDBCD2259834000B13052 /* Base */,
			);
			name = LaunchScreen.storyboard;
			sourceTree = "<group>";
		};
/* End PBXVariantGroup section */

/* Begin XCBuildConfiguration section */
		561BDBE62259834000B13052 /* Debug */ = {
			isa = XCBuildConfiguration;
			buildSettings = {
				ALWAYS_SEARCH_USER_PATHS = NO;
				CLANG_ANALYZER_NONNULL = YES;
				CLANG_ANALYZER_NUMBER_OBJECT_CONVERSION = YES_AGGRESSIVE;
				CLANG_CXX_LANGUAGE_STANDARD = "gnu++14";
				CLANG_CXX_LIBRARY = "libc++";
				CLANG_ENABLE_MODULES = YES;
				CLANG_ENABLE_OBJC_ARC = YES;
				CLANG_ENABLE_OBJC_WEAK = YES;
				CLANG_WARN_BLOCK_CAPTURE_AUTORELEASING = YES;
				CLANG_WARN_BOOL_CONVERSION = YES;
				CLANG_WARN_COMMA = YES;
				CLANG_WARN_CONSTANT_CONVERSION = YES;
				CLANG_WARN_DEPRECATED_OBJC_IMPLEMENTATIONS = YES;
				CLANG_WARN_DIRECT_OBJC_ISA_USAGE = YES_ERROR;
				CLANG_WARN_DOCUMENTATION_COMMENTS = YES;
				CLANG_WARN_EMPTY_BODY = YES;
				CLANG_WARN_ENUM_CONVERSION = YES;
				CLANG_WARN_INFINITE_RECURSION = YES;
				CLANG_WARN_INT_CONVERSION = YES;
				CLANG_WARN_NON_LITERAL_NULL_CONVERSION = YES;
				CLANG_WARN_OBJC_IMPLICIT_RETAIN_SELF = YES;
				CLANG_WARN_OBJC_LITERAL_CONVERSION = YES;
				CLANG_WARN_OBJC_ROOT_CLASS = YES_ERROR;
				CLANG_WARN_RANGE_LOOP_ANALYSIS = YES;
				CLANG_WARN_STRICT_PROTOTYPES = YES;
				CLANG_WARN_SUSPICIOUS_MOVE = YES;
				CLANG_WARN_UNGUARDED_AVAILABILITY = YES_AGGRESSIVE;
				CLANG_WARN_UNREACHABLE_CODE = YES;
				CLANG_WARN__DUPLICATE_METHOD_MATCH = YES;
				CODE_SIGN_IDENTITY = "iPhone Developer";
				COPY_PHASE_STRIP = NO;
				DEBUG_INFORMATION_FORMAT = dwarf;
				ENABLE_STRICT_OBJC_MSGSEND = YES;
				ENABLE_TESTABILITY = YES;
				GCC_C_LANGUAGE_STANDARD = gnu11;
				GCC_DYNAMIC_NO_PIC = NO;
				GCC_NO_COMMON_BLOCKS = YES;
				GCC_OPTIMIZATION_LEVEL = 0;
				GCC_PREPROCESSOR_DEFINITIONS = (
					"DEBUG=1",
					"$(inherited)",
				);
				GCC_WARN_64_TO_32_BIT_CONVERSION = YES;
				GCC_WARN_ABOUT_RETURN_TYPE = YES_ERROR;
				GCC_WARN_UNDECLARED_SELECTOR = YES;
				GCC_WARN_UNINITIALIZED_AUTOS = YES_AGGRESSIVE;
				GCC_WARN_UNUSED_FUNCTION = YES;
				GCC_WARN_UNUSED_VARIABLE = YES;
				IPHONEOS_DEPLOYMENT_TARGET = 12.2;
				MTL_ENABLE_DEBUG_INFO = INCLUDE_SOURCE;
				MTL_FAST_MATH = YES;
				ONLY_ACTIVE_ARCH = YES;
				SDKROOT = iphoneos;
				SWIFT_ACTIVE_COMPILATION_CONDITIONS = DEBUG;
				SWIFT_OPTIMIZATION_LEVEL = "-Onone";
			};
			name = Debug;
		};
		561BDBE72259834000B13052 /* Release */ = {
			isa = XCBuildConfiguration;
			buildSettings = {
				ALWAYS_SEARCH_USER_PATHS = NO;
				CLANG_ANALYZER_NONNULL = YES;
				CLANG_ANALYZER_NUMBER_OBJECT_CONVERSION = YES_AGGRESSIVE;
				CLANG_CXX_LANGUAGE_STANDARD = "gnu++14";
				CLANG_CXX_LIBRARY = "libc++";
				CLANG_ENABLE_MODULES = YES;
				CLANG_ENABLE_OBJC_ARC = YES;
				CLANG_ENABLE_OBJC_WEAK = YES;
				CLANG_WARN_BLOCK_CAPTURE_AUTORELEASING = YES;
				CLANG_WARN_BOOL_CONVERSION = YES;
				CLANG_WARN_COMMA = YES;
				CLANG_WARN_CONSTANT_CONVERSION = YES;
				CLANG_WARN_DEPRECATED_OBJC_IMPLEMENTATIONS = YES;
				CLANG_WARN_DIRECT_OBJC_ISA_USAGE = YES_ERROR;
				CLANG_WARN_DOCUMENTATION_COMMENTS = YES;
				CLANG_WARN_EMPTY_BODY = YES;
				CLANG_WARN_ENUM_CONVERSION = YES;
				CLANG_WARN_INFINITE_RECURSION = YES;
				CLANG_WARN_INT_CONVERSION = YES;
				CLANG_WARN_NON_LITERAL_NULL_CONVERSION = YES;
				CLANG_WARN_OBJC_IMPLICIT_RETAIN_SELF = YES;
				CLANG_WARN_OBJC_LITERAL_CONVERSION = YES;
				CLANG_WARN_OBJC_ROOT_CLASS = YES_ERROR;
				CLANG_WARN_RANGE_LOOP_ANALYSIS = YES;
				CLANG_WARN_STRICT_PROTOTYPES = YES;
				CLANG_WARN_SUSPICIOUS_MOVE = YES;
				CLANG_WARN_UNGUARDED_AVAILABILITY = YES_AGGRESSIVE;
				CLANG_WARN_UNREACHABLE_CODE = YES;
				CLANG_WARN__DUPLICATE_METHOD_MATCH = YES;
				CODE_SIGN_IDENTITY = "iPhone Developer";
				COPY_PHASE_STRIP = NO;
				DEBUG_INFORMATION_FORMAT = "dwarf-with-dsym";
				ENABLE_NS_ASSERTIONS = NO;
				ENABLE_STRICT_OBJC_MSGSEND = YES;
				GCC_C_LANGUAGE_STANDARD = gnu11;
				GCC_NO_COMMON_BLOCKS = YES;
				GCC_WARN_64_TO_32_BIT_CONVERSION = YES;
				GCC_WARN_ABOUT_RETURN_TYPE = YES_ERROR;
				GCC_WARN_UNDECLARED_SELECTOR = YES;
				GCC_WARN_UNINITIALIZED_AUTOS = YES_AGGRESSIVE;
				GCC_WARN_UNUSED_FUNCTION = YES;
				GCC_WARN_UNUSED_VARIABLE = YES;
				IPHONEOS_DEPLOYMENT_TARGET = 12.2;
				MTL_ENABLE_DEBUG_INFO = NO;
				MTL_FAST_MATH = YES;
				SDKROOT = iphoneos;
				SWIFT_COMPILATION_MODE = wholemodule;
				SWIFT_OPTIMIZATION_LEVEL = "-O";
				VALIDATE_PRODUCT = YES;
			};
			name = Release;
		};
		561BDBE92259834000B13052 /* Debug */ = {
			isa = XCBuildConfiguration;
			baseConfigurationReference = 6B9CF7998A4EC3907ED466CF /* Pods-ToDoApp.debug.xcconfig */;
			buildSettings = {
				ASSETCATALOG_COMPILER_APPICON_NAME = AppIcon;
				CODE_SIGN_STYLE = Automatic;
				DEVELOPMENT_TEAM = 62MDXMXZ25;
				INFOPLIST_FILE = ToDoApp/Info.plist;
				LD_RUNPATH_SEARCH_PATHS = (
					"$(inherited)",
					"@executable_path/Frameworks",
				);
				PRODUCT_BUNDLE_IDENTIFIER = com.dev.app.ToDoApp;
				PRODUCT_NAME = "$(TARGET_NAME)";
				SWIFT_VERSION = 5.0;
				TARGETED_DEVICE_FAMILY = "1,2";
			};
			name = Debug;
		};
		561BDBEA2259834000B13052 /* Release */ = {
			isa = XCBuildConfiguration;
			baseConfigurationReference = AC5D20D64B24EF319CA8CF4F /* Pods-ToDoApp.release.xcconfig */;
			buildSettings = {
				ASSETCATALOG_COMPILER_APPICON_NAME = AppIcon;
				CODE_SIGN_STYLE = Automatic;
				DEVELOPMENT_TEAM = 62MDXMXZ25;
				INFOPLIST_FILE = ToDoApp/Info.plist;
				LD_RUNPATH_SEARCH_PATHS = (
					"$(inherited)",
					"@executable_path/Frameworks",
				);
				PRODUCT_BUNDLE_IDENTIFIER = com.dev.app.ToDoApp;
				PRODUCT_NAME = "$(TARGET_NAME)";
				SWIFT_VERSION = 5.0;
				TARGETED_DEVICE_FAMILY = "1,2";
			};
			name = Release;
		};
		561BDBEC2259834000B13052 /* Debug */ = {
			isa = XCBuildConfiguration;
			baseConfigurationReference = 3DA60DD060513CE7898EAFA4 /* Pods-ToDoAppTests.debug.xcconfig */;
			buildSettings = {
				ALWAYS_EMBED_SWIFT_STANDARD_LIBRARIES = YES;
				BUNDLE_LOADER = "$(TEST_HOST)";
				CODE_SIGN_STYLE = Automatic;
				DEVELOPMENT_TEAM = 62MDXMXZ25;
				INFOPLIST_FILE = ToDoAppTests/Info.plist;
				LD_RUNPATH_SEARCH_PATHS = (
					"$(inherited)",
					"@executable_path/Frameworks",
					"@loader_path/Frameworks",
				);
				PRODUCT_BUNDLE_IDENTIFIER = com.dev.app.ToDoAppTests;
				PRODUCT_NAME = "$(TARGET_NAME)";
				SWIFT_VERSION = 5.0;
				TARGETED_DEVICE_FAMILY = "1,2";
				TEST_HOST = "$(BUILT_PRODUCTS_DIR)/ToDoApp.app/ToDoApp";
			};
			name = Debug;
		};
		561BDBED2259834000B13052 /* Release */ = {
			isa = XCBuildConfiguration;
			baseConfigurationReference = 54AB1146BC5AAE470C41A477 /* Pods-ToDoAppTests.release.xcconfig */;
			buildSettings = {
				ALWAYS_EMBED_SWIFT_STANDARD_LIBRARIES = YES;
				BUNDLE_LOADER = "$(TEST_HOST)";
				CODE_SIGN_STYLE = Automatic;
				DEVELOPMENT_TEAM = 62MDXMXZ25;
				INFOPLIST_FILE = ToDoAppTests/Info.plist;
				LD_RUNPATH_SEARCH_PATHS = (
					"$(inherited)",
					"@executable_path/Frameworks",
					"@loader_path/Frameworks",
				);
				PRODUCT_BUNDLE_IDENTIFIER = com.dev.app.ToDoAppTests;
				PRODUCT_NAME = "$(TARGET_NAME)";
				SWIFT_VERSION = 5.0;
				TARGETED_DEVICE_FAMILY = "1,2";
				TEST_HOST = "$(BUILT_PRODUCTS_DIR)/ToDoApp.app/ToDoApp";
			};
			name = Release;
		};
		561BDBEF2259834000B13052 /* Debug */ = {
			isa = XCBuildConfiguration;
			baseConfigurationReference = 8625E698BB34A90B5C229A7A /* Pods-ToDoAppUITests.debug.xcconfig */;
			buildSettings = {
				ALWAYS_EMBED_SWIFT_STANDARD_LIBRARIES = YES;
				CODE_SIGN_STYLE = Automatic;
				DEVELOPMENT_TEAM = 62MDXMXZ25;
				INFOPLIST_FILE = ToDoAppUITests/Info.plist;
				LD_RUNPATH_SEARCH_PATHS = (
					"$(inherited)",
					"@executable_path/Frameworks",
					"@loader_path/Frameworks",
				);
				PRODUCT_BUNDLE_IDENTIFIER = com.dev.app.ToDoAppUITests;
				PRODUCT_NAME = "$(TARGET_NAME)";
				SWIFT_VERSION = 5.0;
				TARGETED_DEVICE_FAMILY = "1,2";
				TEST_TARGET_NAME = ToDoApp;
			};
			name = Debug;
		};
		561BDBF02259834000B13052 /* Release */ = {
			isa = XCBuildConfiguration;
			baseConfigurationReference = 0763F6679473FEB2F9A22AE6 /* Pods-ToDoAppUITests.release.xcconfig */;
			buildSettings = {
				ALWAYS_EMBED_SWIFT_STANDARD_LIBRARIES = YES;
				CODE_SIGN_STYLE = Automatic;
				DEVELOPMENT_TEAM = 62MDXMXZ25;
				INFOPLIST_FILE = ToDoAppUITests/Info.plist;
				LD_RUNPATH_SEARCH_PATHS = (
					"$(inherited)",
					"@executable_path/Frameworks",
					"@loader_path/Frameworks",
				);
				PRODUCT_BUNDLE_IDENTIFIER = com.dev.app.ToDoAppUITests;
				PRODUCT_NAME = "$(TARGET_NAME)";
				SWIFT_VERSION = 5.0;
				TARGETED_DEVICE_FAMILY = "1,2";
				TEST_TARGET_NAME = ToDoApp;
			};
			name = Release;
		};
/* End XCBuildConfiguration section */

/* Begin XCConfigurationList section */
		561BDBBB2259833F00B13052 /* Build configuration list for PBXProject "ToDoApp" */ = {
			isa = XCConfigurationList;
			buildConfigurations = (
				561BDBE62259834000B13052 /* Debug */,
				561BDBE72259834000B13052 /* Release */,
			);
			defaultConfigurationIsVisible = 0;
			defaultConfigurationName = Release;
		};
		561BDBE82259834000B13052 /* Build configuration list for PBXNativeTarget "ToDoApp" */ = {
			isa = XCConfigurationList;
			buildConfigurations = (
				561BDBE92259834000B13052 /* Debug */,
				561BDBEA2259834000B13052 /* Release */,
			);
			defaultConfigurationIsVisible = 0;
			defaultConfigurationName = Release;
		};
		561BDBEB2259834000B13052 /* Build configuration list for PBXNativeTarget "ToDoAppTests" */ = {
			isa = XCConfigurationList;
			buildConfigurations = (
				561BDBEC2259834000B13052 /* Debug */,
				561BDBED2259834000B13052 /* Release */,
			);
			defaultConfigurationIsVisible = 0;
			defaultConfigurationName = Release;
		};
		561BDBEE2259834000B13052 /* Build configuration list for PBXNativeTarget "ToDoAppUITests" */ = {
			isa = XCConfigurationList;
			buildConfigurations = (
				561BDBEF2259834000B13052 /* Debug */,
				561BDBF02259834000B13052 /* Release */,
			);
			defaultConfigurationIsVisible = 0;
			defaultConfigurationName = Release;
		};
/* End XCConfigurationList section */
	};
	rootObject = 561BDBB82259833F00B13052 /* Project object */;
}
